
Microsoft Visual Studio Solution File, Format Version 12.00
Project("{FAE04EC0-301F-11D3-BF4B-00C04F79EFBC}") = "PasswordHW1", "PasswordHW1\PasswordHW1.csproj", "{C49569E3-621D-4CE6-812F-8F17A357FEDF}"
EndProject
Global
	GlobalSection(SolutionConfigurationPlatforms) = preSolution
		Debug|Any CPU = Debug|Any CPU
		Release|Any CPU = Release|Any CPU
	EndGlobalSection
	GlobalSection(ProjectConfigurationPlatforms) = postSolution
		{C49569E3-621D-4CE6-812F-8F17A357FEDF}.Debug|Any CPU.ActiveCfg = Debug|Any CPU
		{C49569E3-621D-4CE6-812F-8F17A357FEDF}.Debug|Any CPU.Build.0 = Debug|Any CPU
		{C49569E3-621D-4CE6-812F-8F17A357FEDF}.Release|Any CPU.ActiveCfg = Release|Any CPU
		{C49569E3-621D-4CE6-812F-8F17A357FEDF}.Release|Any CPU.Build.0 = Release|Any CPU
	EndGlobalSection
EndGlobal
