
Microsoft Visual Studio Solution File, Format Version 12.00
Project("{FAE04EC0-301F-11D3-BF4B-00C04F79EFBC}") = "Task1", "Task1\Task1.csproj", "{DB8453F0-5308-4865-B352-DE05C08570B1}"
EndProject
Project("{FAE04EC0-301F-11D3-BF4B-00C04F79EFBC}") = "Task2", "Task2\Task2.csproj", "{C096C76E-55A6-4518-BE6C-23207EA47AB4}"
EndProject
Project("{FAE04EC0-301F-11D3-BF4B-00C04F79EFBC}") = "Task5", "Task5\Task5.csproj", "{D0F019D3-B913-4D1D-AF63-F6F5A7E5036D}"
EndProject
Global
	GlobalSection(SolutionConfigurationPlatforms) = preSolution
		Debug|Any CPU = Debug|Any CPU
		Release|Any CPU = Release|Any CPU
	EndGlobalSection
	GlobalSection(ProjectConfigurationPlatforms) = postSolution
		{DB8453F0-5308-4865-B352-DE05C08570B1}.Debug|Any CPU.ActiveCfg = Debug|Any CPU
		{DB8453F0-5308-4865-B352-DE05C08570B1}.Debug|Any CPU.Build.0 = Debug|Any CPU
		{DB8453F0-5308-4865-B352-DE05C08570B1}.Release|Any CPU.ActiveCfg = Release|Any CPU
		{DB8453F0-5308-4865-B352-DE05C08570B1}.Release|Any CPU.Build.0 = Release|Any CPU
		{C096C76E-55A6-4518-BE6C-23207EA47AB4}.Debug|Any CPU.ActiveCfg = Debug|Any CPU
		{C096C76E-55A6-4518-BE6C-23207EA47AB4}.Debug|Any CPU.Build.0 = Debug|Any CPU
		{C096C76E-55A6-4518-BE6C-23207EA47AB4}.Release|Any CPU.ActiveCfg = Release|Any CPU
		{C096C76E-55A6-4518-BE6C-23207EA47AB4}.Release|Any CPU.Build.0 = Release|Any CPU
		{D0F019D3-B913-4D1D-AF63-F6F5A7E5036D}.Debug|Any CPU.ActiveCfg = Debug|Any CPU
		{D0F019D3-B913-4D1D-AF63-F6F5A7E5036D}.Debug|Any CPU.Build.0 = Debug|Any CPU
		{D0F019D3-B913-4D1D-AF63-F6F5A7E5036D}.Release|Any CPU.ActiveCfg = Release|Any CPU
		{D0F019D3-B913-4D1D-AF63-F6F5A7E5036D}.Release|Any CPU.Build.0 = Release|Any CPU
	EndGlobalSection
EndGlobal
