
Microsoft Visual Studio Solution File, Format Version 12.00
Project("{FAE04EC0-301F-11D3-BF4B-00C04F79EFBC}") = "Task2", "Task2\Task2.csproj", "{4FA3B666-692F-4FBE-B1DF-C9D9372F16BE}"
EndProject
Project("{FAE04EC0-301F-11D3-BF4B-00C04F79EFBC}") = "Task3", "Task3\Task3.csproj", "{84D76A71-E91B-4A92-9F13-799EFEF5C8D8}"
EndProject
Project("{FAE04EC0-301F-11D3-BF4B-00C04F79EFBC}") = "Task4", "Task4\Task4.csproj", "{09D6D93F-15EC-4D02-A121-DF2E27A4ABB8}"
EndProject
Project("{FAE04EC0-301F-11D3-BF4B-00C04F79EFBC}") = "Tests", "Tests\Tests.csproj", "{58197622-5A8E-4B78-ABDB-455009D71262}"
EndProject
Global
	GlobalSection(SolutionConfigurationPlatforms) = preSolution
		Debug|Any CPU = Debug|Any CPU
		Release|Any CPU = Release|Any CPU
	EndGlobalSection
	GlobalSection(ProjectConfigurationPlatforms) = postSolution
		{4FA3B666-692F-4FBE-B1DF-C9D9372F16BE}.Debug|Any CPU.ActiveCfg = Debug|Any CPU
		{4FA3B666-692F-4FBE-B1DF-C9D9372F16BE}.Debug|Any CPU.Build.0 = Debug|Any CPU
		{4FA3B666-692F-4FBE-B1DF-C9D9372F16BE}.Release|Any CPU.ActiveCfg = Release|Any CPU
		{4FA3B666-692F-4FBE-B1DF-C9D9372F16BE}.Release|Any CPU.Build.0 = Release|Any CPU
		{84D76A71-E91B-4A92-9F13-799EFEF5C8D8}.Debug|Any CPU.ActiveCfg = Debug|Any CPU
		{84D76A71-E91B-4A92-9F13-799EFEF5C8D8}.Debug|Any CPU.Build.0 = Debug|Any CPU
		{84D76A71-E91B-4A92-9F13-799EFEF5C8D8}.Release|Any CPU.ActiveCfg = Release|Any CPU
		{84D76A71-E91B-4A92-9F13-799EFEF5C8D8}.Release|Any CPU.Build.0 = Release|Any CPU
		{09D6D93F-15EC-4D02-A121-DF2E27A4ABB8}.Debug|Any CPU.ActiveCfg = Debug|Any CPU
		{09D6D93F-15EC-4D02-A121-DF2E27A4ABB8}.Debug|Any CPU.Build.0 = Debug|Any CPU
		{09D6D93F-15EC-4D02-A121-DF2E27A4ABB8}.Release|Any CPU.ActiveCfg = Release|Any CPU
		{09D6D93F-15EC-4D02-A121-DF2E27A4ABB8}.Release|Any CPU.Build.0 = Release|Any CPU
		{58197622-5A8E-4B78-ABDB-455009D71262}.Debug|Any CPU.ActiveCfg = Debug|Any CPU
		{58197622-5A8E-4B78-ABDB-455009D71262}.Debug|Any CPU.Build.0 = Debug|Any CPU
		{58197622-5A8E-4B78-ABDB-455009D71262}.Release|Any CPU.ActiveCfg = Release|Any CPU
		{58197622-5A8E-4B78-ABDB-455009D71262}.Release|Any CPU.Build.0 = Release|Any CPU
	EndGlobalSection
EndGlobal
