
Microsoft Visual Studio Solution File, Format Version 12.00
Project("{FAE04EC0-301F-11D3-BF4B-00C04F79EFBC}") = "Task6Rainwater", "Task6Rainwater\Task6Rainwater.csproj", "{13F5FDB5-C048-4413-9475-4D497D523080}"
EndProject
Project("{FAE04EC0-301F-11D3-BF4B-00C04F79EFBC}") = "Task5LinkedListsIntersection", "Task5LinkedListsIntersection\Task5LinkedListsIntersection.csproj", "{D53E9B89-843A-4153-AAD4-637B870F9AB2}"
EndProject
Project("{FAE04EC0-301F-11D3-BF4B-00C04F79EFBC}") = "Test", "Test\Test.csproj", "{6000193F-4D21-49C5-9AD1-E49CF3208367}"
EndProject
Global
	GlobalSection(SolutionConfigurationPlatforms) = preSolution
		Debug|Any CPU = Debug|Any CPU
		Release|Any CPU = Release|Any CPU
	EndGlobalSection
	GlobalSection(ProjectConfigurationPlatforms) = postSolution
		{13F5FDB5-C048-4413-9475-4D497D523080}.Debug|Any CPU.ActiveCfg = Debug|Any CPU
		{13F5FDB5-C048-4413-9475-4D497D523080}.Debug|Any CPU.Build.0 = Debug|Any CPU
		{13F5FDB5-C048-4413-9475-4D497D523080}.Release|Any CPU.ActiveCfg = Release|Any CPU
		{13F5FDB5-C048-4413-9475-4D497D523080}.Release|Any CPU.Build.0 = Release|Any CPU
		{D53E9B89-843A-4153-AAD4-637B870F9AB2}.Debug|Any CPU.ActiveCfg = Debug|Any CPU
		{D53E9B89-843A-4153-AAD4-637B870F9AB2}.Debug|Any CPU.Build.0 = Debug|Any CPU
		{D53E9B89-843A-4153-AAD4-637B870F9AB2}.Release|Any CPU.ActiveCfg = Release|Any CPU
		{D53E9B89-843A-4153-AAD4-637B870F9AB2}.Release|Any CPU.Build.0 = Release|Any CPU
		{6000193F-4D21-49C5-9AD1-E49CF3208367}.Debug|Any CPU.ActiveCfg = Debug|Any CPU
		{6000193F-4D21-49C5-9AD1-E49CF3208367}.Debug|Any CPU.Build.0 = Debug|Any CPU
		{6000193F-4D21-49C5-9AD1-E49CF3208367}.Release|Any CPU.ActiveCfg = Release|Any CPU
		{6000193F-4D21-49C5-9AD1-E49CF3208367}.Release|Any CPU.Build.0 = Release|Any CPU
	EndGlobalSection
EndGlobal
